
Microsoft Visual Studio Solution File, Format Version 12.00
# Visual Studio Version 16
VisualStudioVersion = 16.0.31515.178
MinimumVisualStudioVersion = 10.0.40219.1
Project("{FAE04EC0-301F-11D3-BF4B-00C04F79EFBC}") = "employewage", "employewage.csproj", "{FACD1A36-7D69-4A64-9D49-0EFF605F432C}"
EndProject
Global
	GlobalSection(SolutionConfigurationPlatforms) = preSolution
		Debug|Any CPU = Debug|Any CPU
		Release|Any CPU = Release|Any CPU
	EndGlobalSection
	GlobalSection(ProjectConfigurationPlatforms) = postSolution
		{FACD1A36-7D69-4A64-9D49-0EFF605F432C}.Debug|Any CPU.ActiveCfg = Debug|Any CPU
		{FACD1A36-7D69-4A64-9D49-0EFF605F432C}.Debug|Any CPU.Build.0 = Debug|Any CPU
		{FACD1A36-7D69-4A64-9D49-0EFF605F432C}.Release|Any CPU.ActiveCfg = Release|Any CPU
		{FACD1A36-7D69-4A64-9D49-0EFF605F432C}.Release|Any CPU.Build.0 = Release|Any CPU
	EndGlobalSection
	GlobalSection(SolutionProperties) = preSolution
		HideSolutionNode = FALSE
	EndGlobalSection
	GlobalSection(ExtensibilityGlobals) = postSolution
		SolutionGuid = {ABE4C4CA-273D-406A-9BBD-12C19EA4D5D0}
	EndGlobalSection
EndGlobal
